// !$*UTF8*$!
{
	archiveVersion = 1;
	classes = {
	};
	objectVersion = 56;
	objects = {

/* Begin PBXBuildFile section */
		8AD739F32A0C96730060C65D /* testJoseApp.swift in Sources */ = {isa = PBXBuildFile; fileRef = 8AD739F22A0C96730060C65D /* testJoseApp.swift */; };
		8AD739F52A0C96730060C65D /* ContentView.swift in Sources */ = {isa = PBXBuildFile; fileRef = 8AD739F42A0C96730060C65D /* ContentView.swift */; };
		8AD739F72A0C96750060C65D /* Assets.xcassets in Resources */ = {isa = PBXBuildFile; fileRef = 8AD739F62A0C96750060C65D /* Assets.xcassets */; };
		8AD739FA2A0C96750060C65D /* Preview Assets.xcassets in Resources */ = {isa = PBXBuildFile; fileRef = 8AD739F92A0C96750060C65D /* Preview Assets.xcassets */; };
		8AD73A042A0C96750060C65D /* testJoseTests.swift in Sources */ = {isa = PBXBuildFile; fileRef = 8AD73A032A0C96750060C65D /* testJoseTests.swift */; };
		8AD73A0E2A0C96750060C65D /* testJoseUITests.swift in Sources */ = {isa = PBXBuildFile; fileRef = 8AD73A0D2A0C96750060C65D /* testJoseUITests.swift */; };
		8AD73A102A0C96750060C65D /* testJoseUITestsLaunchTests.swift in Sources */ = {isa = PBXBuildFile; fileRef = 8AD73A0F2A0C96750060C65D /* testJoseUITestsLaunchTests.swift */; };
		8AD73A1D2A0C96880060C65D /* test1.swift in Sources */ = {isa = PBXBuildFile; fileRef = 8AD73A1C2A0C96880060C65D /* test1.swift */; };
		8AD73A1F2A0C968E0060C65D /* test2.swift in Sources */ = {isa = PBXBuildFile; fileRef = 8AD73A1E2A0C968E0060C65D /* test2.swift */; };
		8AD73A212A0C971C0060C65D /* CoverContentView.swift in Sources */ = {isa = PBXBuildFile; fileRef = 8AD73A202A0C971C0060C65D /* CoverContentView.swift */; };
		8AD73A232A0C97B20060C65D /* test1-1.swift in Sources */ = {isa = PBXBuildFile; fileRef = 8AD73A222A0C97B20060C65D /* test1-1.swift */; };
		8AD73A252A0C97BA0060C65D /* test2-1.swift in Sources */ = {isa = PBXBuildFile; fileRef = 8AD73A242A0C97BA0060C65D /* test2-1.swift */; };
/* End PBXBuildFile section */

/* Begin PBXContainerItemProxy section */
		8AD73A002A0C96750060C65D /* PBXContainerItemProxy */ = {
			isa = PBXContainerItemProxy;
			containerPortal = 8AD739E72A0C96730060C65D /* Project object */;
			proxyType = 1;
			remoteGlobalIDString = 8AD739EE2A0C96730060C65D;
			remoteInfo = testJose;
		};
		8AD73A0A2A0C96750060C65D /* PBXContainerItemProxy */ = {
			isa = PBXContainerItemProxy;
			containerPortal = 8AD739E72A0C96730060C65D /* Project object */;
			proxyType = 1;
			remoteGlobalIDString = 8AD739EE2A0C96730060C65D;
			remoteInfo = testJose;
		};
/* End PBXContainerItemProxy section */

/* Begin PBXFileReference section */
		8AD739EF2A0C96730060C65D /* testJose.app */ = {isa = PBXFileReference; explicitFileType = wrapper.application; includeInIndex = 0; path = testJose.app; sourceTree = BUILT_PRODUCTS_DIR; };
		8AD739F22A0C96730060C65D /* testJoseApp.swift */ = {isa = PBXFileReference; lastKnownFileType = sourcecode.swift; path = testJoseApp.swift; sourceTree = "<group>"; };
		8AD739F42A0C96730060C65D /* ContentView.swift */ = {isa = PBXFileReference; lastKnownFileType = sourcecode.swift; path = ContentView.swift; sourceTree = "<group>"; };
		8AD739F62A0C96750060C65D /* Assets.xcassets */ = {isa = PBXFileReference; lastKnownFileType = folder.assetcatalog; path = Assets.xcassets; sourceTree = "<group>"; };
		8AD739F92A0C96750060C65D /* Preview Assets.xcassets */ = {isa = PBXFileReference; lastKnownFileType = folder.assetcatalog; path = "Preview Assets.xcassets"; sourceTree = "<group>"; };
		8AD739FF2A0C96750060C65D /* testJoseTests.xctest */ = {isa = PBXFileReference; explicitFileType = wrapper.cfbundle; includeInIndex = 0; path = testJoseTests.xctest; sourceTree = BUILT_PRODUCTS_DIR; };
		8AD73A032A0C96750060C65D /* testJoseTests.swift */ = {isa = PBXFileReference; lastKnownFileType = sourcecode.swift; path = testJoseTests.swift; sourceTree = "<group>"; };
		8AD73A092A0C96750060C65D /* testJoseUITests.xctest */ = {isa = PBXFileReference; explicitFileType = wrapper.cfbundle; includeInIndex = 0; path = testJoseUITests.xctest; sourceTree = BUILT_PRODUCTS_DIR; };
		8AD73A0D2A0C96750060C65D /* testJoseUITests.swift */ = {isa = PBXFileReference; lastKnownFileType = sourcecode.swift; path = testJoseUITests.swift; sourceTree = "<group>"; };
		8AD73A0F2A0C96750060C65D /* testJoseUITestsLaunchTests.swift */ = {isa = PBXFileReference; lastKnownFileType = sourcecode.swift; path = testJoseUITestsLaunchTests.swift; sourceTree = "<group>"; };
		8AD73A1C2A0C96880060C65D /* test1.swift */ = {isa = PBXFileReference; lastKnownFileType = sourcecode.swift; path = test1.swift; sourceTree = "<group>"; };
		8AD73A1E2A0C968E0060C65D /* test2.swift */ = {isa = PBXFileReference; lastKnownFileType = sourcecode.swift; path = test2.swift; sourceTree = "<group>"; };
		8AD73A202A0C971C0060C65D /* CoverContentView.swift */ = {isa = PBXFileReference; lastKnownFileType = sourcecode.swift; path = CoverContentView.swift; sourceTree = "<group>"; };
		8AD73A222A0C97B20060C65D /* test1-1.swift */ = {isa = PBXFileReference; lastKnownFileType = sourcecode.swift; path = "test1-1.swift"; sourceTree = "<group>"; };
		8AD73A242A0C97BA0060C65D /* test2-1.swift */ = {isa = PBXFileReference; lastKnownFileType = sourcecode.swift; path = "test2-1.swift"; sourceTree = "<group>"; };
/* End PBXFileReference section */

/* Begin PBXFrameworksBuildPhase section */
		8AD739EC2A0C96730060C65D /* Frameworks */ = {
			isa = PBXFrameworksBuildPhase;
			buildActionMask = 2147483647;
			files = (
			);
			runOnlyForDeploymentPostprocessing = 0;
		};
		8AD739FC2A0C96750060C65D /* Frameworks */ = {
			isa = PBXFrameworksBuildPhase;
			buildActionMask = 2147483647;
			files = (
			);
			runOnlyForDeploymentPostprocessing = 0;
		};
		8AD73A062A0C96750060C65D /* Frameworks */ = {
			isa = PBXFrameworksBuildPhase;
			buildActionMask = 2147483647;
			files = (
			);
			runOnlyForDeploymentPostprocessing = 0;
		};
/* End PBXFrameworksBuildPhase section */

/* Begin PBXGroup section */
		8AD739E62A0C96730060C65D = {
			isa = PBXGroup;
			children = (
				8AD739F12A0C96730060C65D /* testJose */,
				8AD73A022A0C96750060C65D /* testJoseTests */,
				8AD73A0C2A0C96750060C65D /* testJoseUITests */,
				8AD739F02A0C96730060C65D /* Products */,
			);
			sourceTree = "<group>";
		};
		8AD739F02A0C96730060C65D /* Products */ = {
			isa = PBXGroup;
			children = (
				8AD739EF2A0C96730060C65D /* testJose.app */,
				8AD739FF2A0C96750060C65D /* testJoseTests.xctest */,
				8AD73A092A0C96750060C65D /* testJoseUITests.xctest */,
			);
			name = Products;
			sourceTree = "<group>";
		};
		8AD739F12A0C96730060C65D /* testJose */ = {
			isa = PBXGroup;
			children = (
				8AD739F22A0C96730060C65D /* testJoseApp.swift */,
				8AD739F42A0C96730060C65D /* ContentView.swift */,
				8AD739F62A0C96750060C65D /* Assets.xcassets */,
				8AD739F82A0C96750060C65D /* Preview Content */,
				8AD73A1C2A0C96880060C65D /* test1.swift */,
				8AD73A1E2A0C968E0060C65D /* test2.swift */,
				8AD73A202A0C971C0060C65D /* CoverContentView.swift */,
				8AD73A222A0C97B20060C65D /* test1-1.swift */,
				8AD73A242A0C97BA0060C65D /* test2-1.swift */,
			);
			path = testJose;
			sourceTree = "<group>";
		};
		8AD739F82A0C96750060C65D /* Preview Content */ = {
			isa = PBXGroup;
			children = (
				8AD739F92A0C96750060C65D /* Preview Assets.xcassets */,
			);
			path = "Preview Content";
			sourceTree = "<group>";
		};
		8AD73A022A0C96750060C65D /* testJoseTests */ = {
			isa = PBXGroup;
			children = (
				8AD73A032A0C96750060C65D /* testJoseTests.swift */,
			);
			path = testJoseTests;
			sourceTree = "<group>";
		};
		8AD73A0C2A0C96750060C65D /* testJoseUITests */ = {
			isa = PBXGroup;
			children = (
				8AD73A0D2A0C96750060C65D /* testJoseUITests.swift */,
				8AD73A0F2A0C96750060C65D /* testJoseUITestsLaunchTests.swift */,
			);
			path = testJoseUITests;
			sourceTree = "<group>";
		};
/* End PBXGroup section */

/* Begin PBXNativeTarget section */
		8AD739EE2A0C96730060C65D /* testJose */ = {
			isa = PBXNativeTarget;
			buildConfigurationList = 8AD73A132A0C96750060C65D /* Build configuration list for PBXNativeTarget "testJose" */;
			buildPhases = (
				8AD739EB2A0C96730060C65D /* Sources */,
				8AD739EC2A0C96730060C65D /* Frameworks */,
				8AD739ED2A0C96730060C65D /* Resources */,
			);
			buildRules = (
			);
			dependencies = (
			);
			name = testJose;
			productName = testJose;
			productReference = 8AD739EF2A0C96730060C65D /* testJose.app */;
			productType = "com.apple.product-type.application";
		};
		8AD739FE2A0C96750060C65D /* testJoseTests */ = {
			isa = PBXNativeTarget;
			buildConfigurationList = 8AD73A162A0C96750060C65D /* Build configuration list for PBXNativeTarget "testJoseTests" */;
			buildPhases = (
				8AD739FB2A0C96750060C65D /* Sources */,
				8AD739FC2A0C96750060C65D /* Frameworks */,
				8AD739FD2A0C96750060C65D /* Resources */,
			);
			buildRules = (
			);
			dependencies = (
				8AD73A012A0C96750060C65D /* PBXTargetDependency */,
			);
			name = testJoseTests;
			productName = testJoseTests;
			productReference = 8AD739FF2A0C96750060C65D /* testJoseTests.xctest */;
			productType = "com.apple.product-type.bundle.unit-test";
		};
		8AD73A082A0C96750060C65D /* testJoseUITests */ = {
			isa = PBXNativeTarget;
			buildConfigurationList = 8AD73A192A0C96750060C65D /* Build configuration list for PBXNativeTarget "testJoseUITests" */;
			buildPhases = (
				8AD73A052A0C96750060C65D /* Sources */,
				8AD73A062A0C96750060C65D /* Frameworks */,
				8AD73A072A0C96750060C65D /* Resources */,
			);
			buildRules = (
			);
			dependencies = (
				8AD73A0B2A0C96750060C65D /* PBXTargetDependency */,
			);
			name = testJoseUITests;
			productName = testJoseUITests;
			productReference = 8AD73A092A0C96750060C65D /* testJoseUITests.xctest */;
			productType = "com.apple.product-type.bundle.ui-testing";
		};
/* End PBXNativeTarget section */

/* Begin PBXProject section */
		8AD739E72A0C96730060C65D /* Project object */ = {
			isa = PBXProject;
			attributes = {
				BuildIndependentTargetsInParallel = 1;
				LastSwiftUpdateCheck = 1430;
				LastUpgradeCheck = 1430;
				TargetAttributes = {
					8AD739EE2A0C96730060C65D = {
						CreatedOnToolsVersion = 14.3;
					};
					8AD739FE2A0C96750060C65D = {
						CreatedOnToolsVersion = 14.3;
						TestTargetID = 8AD739EE2A0C96730060C65D;
					};
					8AD73A082A0C96750060C65D = {
						CreatedOnToolsVersion = 14.3;
						TestTargetID = 8AD739EE2A0C96730060C65D;
					};
				};
			};
			buildConfigurationList = 8AD739EA2A0C96730060C65D /* Build configuration list for PBXProject "testJose" */;
			compatibilityVersion = "Xcode 14.0";
			developmentRegion = en;
			hasScannedForEncodings = 0;
			knownRegions = (
				en,
				Base,
			);
			mainGroup = 8AD739E62A0C96730060C65D;
			productRefGroup = 8AD739F02A0C96730060C65D /* Products */;
			projectDirPath = "";
			projectRoot = "";
			targets = (
				8AD739EE2A0C96730060C65D /* testJose */,
				8AD739FE2A0C96750060C65D /* testJoseTests */,
				8AD73A082A0C96750060C65D /* testJoseUITests */,
			);
		};
/* End PBXProject section */

/* Begin PBXResourcesBuildPhase section */
		8AD739ED2A0C96730060C65D /* Resources */ = {
			isa = PBXResourcesBuildPhase;
			buildActionMask = 2147483647;
			files = (
				8AD739FA2A0C96750060C65D /* Preview Assets.xcassets in Resources */,
				8AD739F72A0C96750060C65D /* Assets.xcassets in Resources */,
			);
			runOnlyForDeploymentPostprocessing = 0;
		};
		8AD739FD2A0C96750060C65D /* Resources */ = {
			isa = PBXResourcesBuildPhase;
			buildActionMask = 2147483647;
			files = (
			);
			runOnlyForDeploymentPostprocessing = 0;
		};
		8AD73A072A0C96750060C65D /* Resources */ = {
			isa = PBXResourcesBuildPhase;
			buildActionMask = 2147483647;
			files = (
			);
			runOnlyForDeploymentPostprocessing = 0;
		};
/* End PBXResourcesBuildPhase section */

/* Begin PBXSourcesBuildPhase section */
		8AD739EB2A0C96730060C65D /* Sources */ = {
			isa = PBXSourcesBuildPhase;
			buildActionMask = 2147483647;
			files = (
				8AD73A212A0C971C0060C65D /* CoverContentView.swift in Sources */,
				8AD73A1F2A0C968E0060C65D /* test2.swift in Sources */,
				8AD73A252A0C97BA0060C65D /* test2-1.swift in Sources */,
				8AD739F52A0C96730060C65D /* ContentView.swift in Sources */,
				8AD73A232A0C97B20060C65D /* test1-1.swift in Sources */,
				8AD73A1D2A0C96880060C65D /* test1.swift in Sources */,
				8AD739F32A0C96730060C65D /* testJoseApp.swift in Sources */,
			);
			runOnlyForDeploymentPostprocessing = 0;
		};
		8AD739FB2A0C96750060C65D /* Sources */ = {
			isa = PBXSourcesBuildPhase;
			buildActionMask = 2147483647;
			files = (
				8AD73A042A0C96750060C65D /* testJoseTests.swift in Sources */,
			);
			runOnlyForDeploymentPostprocessing = 0;
		};
		8AD73A052A0C96750060C65D /* Sources */ = {
			isa = PBXSourcesBuildPhase;
			buildActionMask = 2147483647;
			files = (
				8AD73A102A0C96750060C65D /* testJoseUITestsLaunchTests.swift in Sources */,
				8AD73A0E2A0C96750060C65D /* testJoseUITests.swift in Sources */,
			);
			runOnlyForDeploymentPostprocessing = 0;
		};
/* End PBXSourcesBuildPhase section */

/* Begin PBXTargetDependency section */
		8AD73A012A0C96750060C65D /* PBXTargetDependency */ = {
			isa = PBXTargetDependency;
			target = 8AD739EE2A0C96730060C65D /* testJose */;
			targetProxy = 8AD73A002A0C96750060C65D /* PBXContainerItemProxy */;
		};
		8AD73A0B2A0C96750060C65D /* PBXTargetDependency */ = {
			isa = PBXTargetDependency;
			target = 8AD739EE2A0C96730060C65D /* testJose */;
			targetProxy = 8AD73A0A2A0C96750060C65D /* PBXContainerItemProxy */;
		};
/* End PBXTargetDependency section */

/* Begin XCBuildConfiguration section */
		8AD73A112A0C96750060C65D /* Debug */ = {
			isa = XCBuildConfiguration;
			buildSettings = {
				ALWAYS_SEARCH_USER_PATHS = NO;
				CLANG_ANALYZER_NONNULL = YES;
				CLANG_ANALYZER_NUMBER_OBJECT_CONVERSION = YES_AGGRESSIVE;
				CLANG_CXX_LANGUAGE_STANDARD = "gnu++20";
				CLANG_ENABLE_MODULES = YES;
				CLANG_ENABLE_OBJC_ARC = YES;
				CLANG_ENABLE_OBJC_WEAK = YES;
				CLANG_WARN_BLOCK_CAPTURE_AUTORELEASING = YES;
				CLANG_WARN_BOOL_CONVERSION = YES;
				CLANG_WARN_COMMA = YES;
				CLANG_WARN_CONSTANT_CONVERSION = YES;
				CLANG_WARN_DEPRECATED_OBJC_IMPLEMENTATIONS = YES;
				CLANG_WARN_DIRECT_OBJC_ISA_USAGE = YES_ERROR;
				CLANG_WARN_DOCUMENTATION_COMMENTS = YES;
				CLANG_WARN_EMPTY_BODY = YES;
				CLANG_WARN_ENUM_CONVERSION = YES;
				CLANG_WARN_INFINITE_RECURSION = YES;
				CLANG_WARN_INT_CONVERSION = YES;
				CLANG_WARN_NON_LITERAL_NULL_CONVERSION = YES;
				CLANG_WARN_OBJC_IMPLICIT_RETAIN_SELF = YES;
				CLANG_WARN_OBJC_LITERAL_CONVERSION = YES;
				CLANG_WARN_OBJC_ROOT_CLASS = YES_ERROR;
				CLANG_WARN_QUOTED_INCLUDE_IN_FRAMEWORK_HEADER = YES;
				CLANG_WARN_RANGE_LOOP_ANALYSIS = YES;
				CLANG_WARN_STRICT_PROTOTYPES = YES;
				CLANG_WARN_SUSPICIOUS_MOVE = YES;
				CLANG_WARN_UNGUARDED_AVAILABILITY = YES_AGGRESSIVE;
				CLANG_WARN_UNREACHABLE_CODE = YES;
				CLANG_WARN__DUPLICATE_METHOD_MATCH = YES;
				COPY_PHASE_STRIP = NO;
				DEBUG_INFORMATION_FORMAT = dwarf;
				ENABLE_STRICT_OBJC_MSGSEND = YES;
				ENABLE_TESTABILITY = YES;
				GCC_C_LANGUAGE_STANDARD = gnu11;
				GCC_DYNAMIC_NO_PIC = NO;
				GCC_NO_COMMON_BLOCKS = YES;
				GCC_OPTIMIZATION_LEVEL = 0;
				GCC_PREPROCESSOR_DEFINITIONS = (
					"DEBUG=1",
					"$(inherited)",
				);
				GCC_WARN_64_TO_32_BIT_CONVERSION = YES;
				GCC_WARN_ABOUT_RETURN_TYPE = YES_ERROR;
				GCC_WARN_UNDECLARED_SELECTOR = YES;
				GCC_WARN_UNINITIALIZED_AUTOS = YES_AGGRESSIVE;
				GCC_WARN_UNUSED_FUNCTION = YES;
				GCC_WARN_UNUSED_VARIABLE = YES;
				IPHONEOS_DEPLOYMENT_TARGET = 16.4;
				MTL_ENABLE_DEBUG_INFO = INCLUDE_SOURCE;
				MTL_FAST_MATH = YES;
				ONLY_ACTIVE_ARCH = YES;
				SDKROOT = iphoneos;
				SWIFT_ACTIVE_COMPILATION_CONDITIONS = DEBUG;
				SWIFT_OPTIMIZATION_LEVEL = "-Onone";
			};
			name = Debug;
		};
		8AD73A122A0C96750060C65D /* Release */ = {
			isa = XCBuildConfiguration;
			buildSettings = {
				ALWAYS_SEARCH_USER_PATHS = NO;
				CLANG_ANALYZER_NONNULL = YES;
				CLANG_ANALYZER_NUMBER_OBJECT_CONVERSION = YES_AGGRESSIVE;
				CLANG_CXX_LANGUAGE_STANDARD = "gnu++20";
				CLANG_ENABLE_MODULES = YES;
				CLANG_ENABLE_OBJC_ARC = YES;
				CLANG_ENABLE_OBJC_WEAK = YES;
				CLANG_WARN_BLOCK_CAPTURE_AUTORELEASING = YES;
				CLANG_WARN_BOOL_CONVERSION = YES;
				CLANG_WARN_COMMA = YES;
				CLANG_WARN_CONSTANT_CONVERSION = YES;
				CLANG_WARN_DEPRECATED_OBJC_IMPLEMENTATIONS = YES;
				CLANG_WARN_DIRECT_OBJC_ISA_USAGE = YES_ERROR;
				CLANG_WARN_DOCUMENTATION_COMMENTS = YES;
				CLANG_WARN_EMPTY_BODY = YES;
				CLANG_WARN_ENUM_CONVERSION = YES;
				CLANG_WARN_INFINITE_RECURSION = YES;
				CLANG_WARN_INT_CONVERSION = YES;
				CLANG_WARN_NON_LITERAL_NULL_CONVERSION = YES;
				CLANG_WARN_OBJC_IMPLICIT_RETAIN_SELF = YES;
				CLANG_WARN_OBJC_LITERAL_CONVERSION = YES;
				CLANG_WARN_OBJC_ROOT_CLASS = YES_ERROR;
				CLANG_WARN_QUOTED_INCLUDE_IN_FRAMEWORK_HEADER = YES;
				CLANG_WARN_RANGE_LOOP_ANALYSIS = YES;
				CLANG_WARN_STRICT_PROTOTYPES = YES;
				CLANG_WARN_SUSPICIOUS_MOVE = YES;
				CLANG_WARN_UNGUARDED_AVAILABILITY = YES_AGGRESSIVE;
				CLANG_WARN_UNREACHABLE_CODE = YES;
				CLANG_WARN__DUPLICATE_METHOD_MATCH = YES;
				COPY_PHASE_STRIP = NO;
				DEBUG_INFORMATION_FORMAT = "dwarf-with-dsym";
				ENABLE_NS_ASSERTIONS = NO;
				ENABLE_STRICT_OBJC_MSGSEND = YES;
				GCC_C_LANGUAGE_STANDARD = gnu11;
				GCC_NO_COMMON_BLOCKS = YES;
				GCC_WARN_64_TO_32_BIT_CONVERSION = YES;
				GCC_WARN_ABOUT_RETURN_TYPE = YES_ERROR;
				GCC_WARN_UNDECLARED_SELECTOR = YES;
				GCC_WARN_UNINITIALIZED_AUTOS = YES_AGGRESSIVE;
				GCC_WARN_UNUSED_FUNCTION = YES;
				GCC_WARN_UNUSED_VARIABLE = YES;
				IPHONEOS_DEPLOYMENT_TARGET = 16.4;
				MTL_ENABLE_DEBUG_INFO = NO;
				MTL_FAST_MATH = YES;
				SDKROOT = iphoneos;
				SWIFT_COMPILATION_MODE = wholemodule;
				SWIFT_OPTIMIZATION_LEVEL = "-O";
				VALIDATE_PRODUCT = YES;
			};
			name = Release;
		};
		8AD73A142A0C96750060C65D /* Debug */ = {
			isa = XCBuildConfiguration;
			buildSettings = {
				ASSETCATALOG_COMPILER_APPICON_NAME = AppIcon;
				ASSETCATALOG_COMPILER_GLOBAL_ACCENT_COLOR_NAME = AccentColor;
				CODE_SIGN_STYLE = Automatic;
				CURRENT_PROJECT_VERSION = 1;
				DEVELOPMENT_ASSET_PATHS = "\"testJose/Preview Content\"";
				DEVELOPMENT_TEAM = GBQ3ZW8V84;
				ENABLE_PREVIEWS = YES;
				GENERATE_INFOPLIST_FILE = YES;
				INFOPLIST_KEY_UIApplicationSceneManifest_Generation = YES;
				INFOPLIST_KEY_UIApplicationSupportsIndirectInputEvents = YES;
				INFOPLIST_KEY_UILaunchScreen_Generation = YES;
				INFOPLIST_KEY_UISupportedInterfaceOrientations_iPad = "UIInterfaceOrientationPortrait UIInterfaceOrientationPortraitUpsideDown UIInterfaceOrientationLandscapeLeft UIInterfaceOrientationLandscapeRight";
				INFOPLIST_KEY_UISupportedInterfaceOrientations_iPhone = "UIInterfaceOrientationPortrait UIInterfaceOrientationLandscapeLeft UIInterfaceOrientationLandscapeRight";
				LD_RUNPATH_SEARCH_PATHS = (
					"$(inherited)",
					"@executable_path/Frameworks",
				);
				MARKETING_VERSION = 1.0;
				PRODUCT_BUNDLE_IDENTIFIER = oreobro.testJose;
				PRODUCT_NAME = "$(TARGET_NAME)";
				SWIFT_EMIT_LOC_STRINGS = YES;
				SWIFT_VERSION = 5.0;
				TARGETED_DEVICE_FAMILY = "1,2";
			};
			name = Debug;
		};
		8AD73A152A0C96750060C65D /* Release */ = {
			isa = XCBuildConfiguration;
			buildSettings = {
				ASSETCATALOG_COMPILER_APPICON_NAME = AppIcon;
				ASSETCATALOG_COMPILER_GLOBAL_ACCENT_COLOR_NAME = AccentColor;
				CODE_SIGN_STYLE = Automatic;
				CURRENT_PROJECT_VERSION = 1;
				DEVELOPMENT_ASSET_PATHS = "\"testJose/Preview Content\"";
				DEVELOPMENT_TEAM = GBQ3ZW8V84;
				ENABLE_PREVIEWS = YES;
				GENERATE_INFOPLIST_FILE = YES;
				INFOPLIST_KEY_UIApplicationSceneManifest_Generation = YES;
				INFOPLIST_KEY_UIApplicationSupportsIndirectInputEvents = YES;
				INFOPLIST_KEY_UILaunchScreen_Generation = YES;
				INFOPLIST_KEY_UISupportedInterfaceOrientations_iPad = "UIInterfaceOrientationPortrait UIInterfaceOrientationPortraitUpsideDown UIInterfaceOrientationLandscapeLeft UIInterfaceOrientationLandscapeRight";
				INFOPLIST_KEY_UISupportedInterfaceOrientations_iPhone = "UIInterfaceOrientationPortrait UIInterfaceOrientationLandscapeLeft UIInterfaceOrientationLandscapeRight";
				LD_RUNPATH_SEARCH_PATHS = (
					"$(inherited)",
					"@executable_path/Frameworks",
				);
				MARKETING_VERSION = 1.0;
				PRODUCT_BUNDLE_IDENTIFIER = oreobro.testJose;
				PRODUCT_NAME = "$(TARGET_NAME)";
				SWIFT_EMIT_LOC_STRINGS = YES;
				SWIFT_VERSION = 5.0;
				TARGETED_DEVICE_FAMILY = "1,2";
			};
			name = Release;
		};
		8AD73A172A0C96750060C65D /* Debug */ = {
			isa = XCBuildConfiguration;
			buildSettings = {
				ALWAYS_EMBED_SWIFT_STANDARD_LIBRARIES = YES;
				BUNDLE_LOADER = "$(TEST_HOST)";
				CODE_SIGN_STYLE = Automatic;
				CURRENT_PROJECT_VERSION = 1;
				DEVELOPMENT_TEAM = GBQ3ZW8V84;
				GENERATE_INFOPLIST_FILE = YES;
				IPHONEOS_DEPLOYMENT_TARGET = 16.4;
				MARKETING_VERSION = 1.0;
				PRODUCT_BUNDLE_IDENTIFIER = oreobro.testJoseTests;
				PRODUCT_NAME = "$(TARGET_NAME)";
				SWIFT_EMIT_LOC_STRINGS = NO;
				SWIFT_VERSION = 5.0;
				TARGETED_DEVICE_FAMILY = "1,2";
				TEST_HOST = "$(BUILT_PRODUCTS_DIR)/testJose.app/$(BUNDLE_EXECUTABLE_FOLDER_PATH)/testJose";
			};
			name = Debug;
		};
		8AD73A182A0C96750060C65D /* Release */ = {
			isa = XCBuildConfiguration;
			buildSettings = {
				ALWAYS_EMBED_SWIFT_STANDARD_LIBRARIES = YES;
				BUNDLE_LOADER = "$(TEST_HOST)";
				CODE_SIGN_STYLE = Automatic;
				CURRENT_PROJECT_VERSION = 1;
				DEVELOPMENT_TEAM = GBQ3ZW8V84;
				GENERATE_INFOPLIST_FILE = YES;
				IPHONEOS_DEPLOYMENT_TARGET = 16.4;
				MARKETING_VERSION = 1.0;
				PRODUCT_BUNDLE_IDENTIFIER = oreobro.testJoseTests;
				PRODUCT_NAME = "$(TARGET_NAME)";
				SWIFT_EMIT_LOC_STRINGS = NO;
				SWIFT_VERSION = 5.0;
				TARGETED_DEVICE_FAMILY = "1,2";
				TEST_HOST = "$(BUILT_PRODUCTS_DIR)/testJose.app/$(BUNDLE_EXECUTABLE_FOLDER_PATH)/testJose";
			};
			name = Release;
		};
		8AD73A1A2A0C96750060C65D /* Debug */ = {
			isa = XCBuildConfiguration;
			buildSettings = {
				ALWAYS_EMBED_SWIFT_STANDARD_LIBRARIES = YES;
				CODE_SIGN_STYLE = Automatic;
				CURRENT_PROJECT_VERSION = 1;
				DEVELOPMENT_TEAM = GBQ3ZW8V84;
				GENERATE_INFOPLIST_FILE = YES;
				MARKETING_VERSION = 1.0;
				PRODUCT_BUNDLE_IDENTIFIER = oreobro.testJoseUITests;
				PRODUCT_NAME = "$(TARGET_NAME)";
				SWIFT_EMIT_LOC_STRINGS = NO;
				SWIFT_VERSION = 5.0;
				TARGETED_DEVICE_FAMILY = "1,2";
				TEST_TARGET_NAME = testJose;
			};
			name = Debug;
		};
		8AD73A1B2A0C96750060C65D /* Release */ = {
			isa = XCBuildConfiguration;
			buildSettings = {
				ALWAYS_EMBED_SWIFT_STANDARD_LIBRARIES = YES;
				CODE_SIGN_STYLE = Automatic;
				CURRENT_PROJECT_VERSION = 1;
				DEVELOPMENT_TEAM = GBQ3ZW8V84;
				GENERATE_INFOPLIST_FILE = YES;
				MARKETING_VERSION = 1.0;
				PRODUCT_BUNDLE_IDENTIFIER = oreobro.testJoseUITests;
				PRODUCT_NAME = "$(TARGET_NAME)";
				SWIFT_EMIT_LOC_STRINGS = NO;
				SWIFT_VERSION = 5.0;
				TARGETED_DEVICE_FAMILY = "1,2";
				TEST_TARGET_NAME = testJose;
			};
			name = Release;
		};
/* End XCBuildConfiguration section */

/* Begin XCConfigurationList section */
		8AD739EA2A0C96730060C65D /* Build configuration list for PBXProject "testJose" */ = {
			isa = XCConfigurationList;
			buildConfigurations = (
				8AD73A112A0C96750060C65D /* Debug */,
				8AD73A122A0C96750060C65D /* Release */,
			);
			defaultConfigurationIsVisible = 0;
			defaultConfigurationName = Release;
		};
		8AD73A132A0C96750060C65D /* Build configuration list for PBXNativeTarget "testJose" */ = {
			isa = XCConfigurationList;
			buildConfigurations = (
				8AD73A142A0C96750060C65D /* Debug */,
				8AD73A152A0C96750060C65D /* Release */,
			);
			defaultConfigurationIsVisible = 0;
			defaultConfigurationName = Release;
		};
		8AD73A162A0C96750060C65D /* Build configuration list for PBXNativeTarget "testJoseTests" */ = {
			isa = XCConfigurationList;
			buildConfigurations = (
				8AD73A172A0C96750060C65D /* Debug */,
				8AD73A182A0C96750060C65D /* Release */,
			);
			defaultConfigurationIsVisible = 0;
			defaultConfigurationName = Release;
		};
		8AD73A192A0C96750060C65D /* Build configuration list for PBXNativeTarget "testJoseUITests" */ = {
			isa = XCConfigurationList;
			buildConfigurations = (
				8AD73A1A2A0C96750060C65D /* Debug */,
				8AD73A1B2A0C96750060C65D /* Release */,
			);
			defaultConfigurationIsVisible = 0;
			defaultConfigurationName = Release;
		};
/* End XCConfigurationList section */
	};
	rootObject = 8AD739E72A0C96730060C65D /* Project object */;
}
